
Microsoft Visual Studio Solution File, Format Version 12.00
# Visual Studio Version 17
VisualStudioVersion = 17.0.31903.59
MinimumVisualStudioVersion = 10.0.40219.1
Project("{2150E333-8FDC-42A3-9474-1A3956D46DE8}") = "Source", "Source", "{FD1AAD71-D4A4-4A2A-A590-0E2071E1582C}"
EndProject
Project("{2150E333-8FDC-42A3-9474-1A3956D46DE8}") = "BuildingBlocks", "BuildingBlocks", "{5DA5E0DC-3CDA-4022-A7B3-8F39750E675F}"
EndProject
Project("{2150E333-8FDC-42A3-9474-1A3956D46DE8}") = "Services", "Services", "{C3EB226C-B0B6-4031-8992-B6F098C44491}"
EndProject
Project("{2150E333-8FDC-42A3-9474-1A3956D46DE8}") = "Web", "Web", "{FB7C167E-C783-4C13-AC0F-E1554904D0BA}"
EndProject
Project("{2150E333-8FDC-42A3-9474-1A3956D46DE8}") = "Identity", "Identity", "{355958A5-503F-480E-ABE2-89F027151F87}"
EndProject
Project("{FAE04EC0-301F-11D3-BF4B-00C04F79EFBC}") = "NSE.Identity.API", "src\services\NSE.Identity.API\NSE.Identity.API.csproj", "{F7BF6665-549A-4328-AF97-10F7168BC024}"
EndProject
Project("{2150E333-8FDC-42A3-9474-1A3956D46DE8}") = "MVC", "MVC", "{BA5DBFCB-DB0B-417D-89D9-A1CC53595EAD}"
EndProject
Project("{FAE04EC0-301F-11D3-BF4B-00C04F79EFBC}") = "NSE.WebApp.MVC", "src\web\NSE.WebApp.MVC\NSE.WebApp.MVC.csproj", "{A9D388FF-D1D3-426A-9D10-7CB6F7EFF96D}"
EndProject
Project("{2150E333-8FDC-42A3-9474-1A3956D46DE8}") = "Core", "Core", "{95C9FDB9-0C6D-433A-9F1C-DDB438C30C55}"
EndProject
Project("{FAE04EC0-301F-11D3-BF4B-00C04F79EFBC}") = "NSE.Core", "src\building-blocks\NSE.Core\NSE.Core.csproj", "{C3A0FBDD-4801-4441-8364-D9E431F67714}"
EndProject
Global
	GlobalSection(SolutionConfigurationPlatforms) = preSolution
		Debug|Any CPU = Debug|Any CPU
		Release|Any CPU = Release|Any CPU
	EndGlobalSection
	GlobalSection(ProjectConfigurationPlatforms) = postSolution
		{F7BF6665-549A-4328-AF97-10F7168BC024}.Debug|Any CPU.ActiveCfg = Debug|Any CPU
		{F7BF6665-549A-4328-AF97-10F7168BC024}.Debug|Any CPU.Build.0 = Debug|Any CPU
		{F7BF6665-549A-4328-AF97-10F7168BC024}.Release|Any CPU.ActiveCfg = Release|Any CPU
		{F7BF6665-549A-4328-AF97-10F7168BC024}.Release|Any CPU.Build.0 = Release|Any CPU
		{A9D388FF-D1D3-426A-9D10-7CB6F7EFF96D}.Debug|Any CPU.ActiveCfg = Debug|Any CPU
		{A9D388FF-D1D3-426A-9D10-7CB6F7EFF96D}.Debug|Any CPU.Build.0 = Debug|Any CPU
		{A9D388FF-D1D3-426A-9D10-7CB6F7EFF96D}.Release|Any CPU.ActiveCfg = Release|Any CPU
		{A9D388FF-D1D3-426A-9D10-7CB6F7EFF96D}.Release|Any CPU.Build.0 = Release|Any CPU
		{C3A0FBDD-4801-4441-8364-D9E431F67714}.Debug|Any CPU.ActiveCfg = Debug|Any CPU
		{C3A0FBDD-4801-4441-8364-D9E431F67714}.Debug|Any CPU.Build.0 = Debug|Any CPU
		{C3A0FBDD-4801-4441-8364-D9E431F67714}.Release|Any CPU.ActiveCfg = Release|Any CPU
		{C3A0FBDD-4801-4441-8364-D9E431F67714}.Release|Any CPU.Build.0 = Release|Any CPU
	EndGlobalSection
	GlobalSection(SolutionProperties) = preSolution
		HideSolutionNode = FALSE
	EndGlobalSection
	GlobalSection(NestedProjects) = preSolution
		{5DA5E0DC-3CDA-4022-A7B3-8F39750E675F} = {FD1AAD71-D4A4-4A2A-A590-0E2071E1582C}
		{C3EB226C-B0B6-4031-8992-B6F098C44491} = {FD1AAD71-D4A4-4A2A-A590-0E2071E1582C}
		{FB7C167E-C783-4C13-AC0F-E1554904D0BA} = {FD1AAD71-D4A4-4A2A-A590-0E2071E1582C}
		{355958A5-503F-480E-ABE2-89F027151F87} = {C3EB226C-B0B6-4031-8992-B6F098C44491}
		{F7BF6665-549A-4328-AF97-10F7168BC024} = {355958A5-503F-480E-ABE2-89F027151F87}
		{BA5DBFCB-DB0B-417D-89D9-A1CC53595EAD} = {FB7C167E-C783-4C13-AC0F-E1554904D0BA}
		{A9D388FF-D1D3-426A-9D10-7CB6F7EFF96D} = {BA5DBFCB-DB0B-417D-89D9-A1CC53595EAD}
		{95C9FDB9-0C6D-433A-9F1C-DDB438C30C55} = {5DA5E0DC-3CDA-4022-A7B3-8F39750E675F}
		{C3A0FBDD-4801-4441-8364-D9E431F67714} = {95C9FDB9-0C6D-433A-9F1C-DDB438C30C55}
	EndGlobalSection
EndGlobal
